<?xml version="1.0" encoding="utf-8"?>
<Project ToolsVersion="4.0" xmlns="http://schemas.microsoft.com/developer/msbuild/2003">
  <ItemGroup>
    <Filter Include="Source Files">
      <UniqueIdentifier>{4FC737F1-C7A5-4376-A066-2A32D752A2FF}</UniqueIdentifier>
      <Extensions>cpp;c;cc;cxx;c++;cppm;ixx;def;odl;idl;hpj;bat;asm;asmx</Extensions>
    </Filter>
    <Filter Include="Header Files">
      <UniqueIdentifier>{93995380-89BD-4b04-88EB-625FBE52EBFB}</UniqueIdentifier>
      <Extensions>h;hh;hpp;hxx;h++;hm;inl;inc;ipp;xsd</Extensions>
    </Filter>
    <Filter Include="Resource Files">
      <UniqueIdentifier>{67DA6AB6-F800-4c08-8B7A-83BB121AAD01}</UniqueIdentifier>
      <Extensions>rc;ico;cur;bmp;dlg;rc2;rct;bin;rgs;gif;jpg;jpeg;jpe;resx;tiff;tif;png;wav;mfcribbon-ms</Extensions>
    </Filter>
    <Filter Include="Source Files\Core">
      <UniqueIdentifier>{f429ba6d-f0bc-49a6-9934-a3b354d353a3}</UniqueIdentifier>
    </Filter>
    <Filter Include="Source Files\Scenes">
      <UniqueIdentifier>{89ee6406-f04f-4380-b3b4-85f843395681}</UniqueIdentifier>
    </Filter>
    <Filter Include="Source Files\Components">
      <UniqueIdentifier>{e97cf736-6fe5-4771-95c6-54b64a194dca}</UniqueIdentifier>
    </Filter>
    <Filter Include="Source Files\Graphics">
      <UniqueIdentifier>{58d085f7-c674-4a90-96b3-fad08e30de01}</UniqueIdentifier>
    </Filter>
    <Filter Include="Source Files\Effects">
      <UniqueIdentifier>{f149e4de-daa4-44ad-95bb-950f8a589b5e}</UniqueIdentifier>
    </Filter>
    <Filter Include="Assets">
      <UniqueIdentifier>{32f526cb-5138-4951-a405-e5660527493c}</UniqueIdentifier>
    </Filter>
    <Filter Include="Assets\Models">
      <UniqueIdentifier>{8af6123b-c9e2-44dd-ac31-f490da88d30e}</UniqueIdentifier>
    </Filter>
    <Filter Include="Assets\Shaders">
      <UniqueIdentifier>{5705acce-bc60-480e-9f74-8ca470202709}</UniqueIdentifier>
    </Filter>
    <Filter Include="Assets\Textures">
      <UniqueIdentifier>{aa858618-83f0-482a-8a02-a1a36de2d88c}</UniqueIdentifier>
    </Filter>
    <Filter Include="Assets\Heightmaps">
      <UniqueIdentifier>{d44623ef-5b65-4c8e-a907-af5a5c544246}</UniqueIdentifier>
    </Filter>
    <Filter Include="Assets\Fonts">
      <UniqueIdentifier>{eff145df-05c5-41bf-ae66-5a9d2f477da9}</UniqueIdentifier>
    </Filter>
    <Filter Include="Assets\Normalmaps">
      <UniqueIdentifier>{3793e55a-41cc-4f5d-ba87-de4bf461cff7}</UniqueIdentifier>
    </Filter>
  </ItemGroup>
  <ItemGroup>
    <ClInclude Include="libs.h">
      <Filter>Header Files</Filter>
    </ClInclude>
    <ClInclude Include="util.h">
      <Filter>Source Files\Core</Filter>
    </ClInclude>
    <ClInclude Include="basic_glfw_camera.h">
      <Filter>Source Files\Core</Filter>
    </ClInclude>
    <ClInclude Include="glfw.h">
      <Filter>Source Files\Core</Filter>
    </ClInclude>
    <ClInclude Include="terrain.h">
      <Filter>Source Files\Components</Filter>
    </ClInclude>
    <ClInclude Include="math_3d.h">
      <Filter>Source Files\Core</Filter>
    </ClInclude>
    <ClInclude Include="array_2d.h">
      <Filter>Source Files\Core</Filter>
    </ClInclude>
    <ClInclude Include="glm_camera.h">
      <Filter>Source Files\Core</Filter>
    </ClInclude>
    <ClInclude Include="triangle_list.h">
      <Filter>Source Files\Core</Filter>
    </ClInclude>
    <ClInclude Include="technique.h">
      <Filter>Source Files\Components</Filter>
    </ClInclude>
    <ClInclude Include="terrain_technique.h">
      <Filter>Source Files\Components</Filter>
    </ClInclude>
    <ClInclude Include="shader.h">
      <Filter>Assets\Shaders</Filter>
    </ClInclude>
    <ClInclude Include="model_loader.h">
      <Filter>Source Files\Core</Filter>
    </ClInclude>
    <ClInclude Include="texture_loader.h">
      <Filter>Source Files\Core</Filter>
    </ClInclude>
  </ItemGroup>
  <ItemGroup>
    <ClCompile Include="Volcanic Eruption.cpp">
      <Filter>Source Files\Core</Filter>
    </ClCompile>
    <ClCompile Include="terrain.cpp">
      <Filter>Source Files\Components</Filter>
    </ClCompile>
    <ClCompile Include="util.cpp">
      <Filter>Source Files\Core</Filter>
    </ClCompile>
    <ClCompile Include="glfw.cpp">
      <Filter>Source Files\Core</Filter>
    </ClCompile>
    <ClCompile Include="glm_camera.cpp">
      <Filter>Source Files\Core</Filter>
    </ClCompile>
    <ClCompile Include="basic_glfw_camera.cpp">
      <Filter>Source Files\Core</Filter>
    </ClCompile>
    <ClCompile Include="math_3d.cpp">
      <Filter>Source Files\Core</Filter>
    </ClCompile>
    <ClCompile Include="technique.cpp">
      <Filter>Source Files\Components</Filter>
    </ClCompile>
    <ClCompile Include="triangle_list.cpp">
      <Filter>Source Files\Core</Filter>
    </ClCompile>
    <ClCompile Include="terrain_technique.cpp">
      <Filter>Source Files\Components</Filter>
    </ClCompile>
    <ClCompile Include="shader.cpp">
      <Filter>Assets\Shaders</Filter>
    </ClCompile>
    <ClCompile Include="model_loader.cpp">
      <Filter>Source Files\Core</Filter>
    </ClCompile>
    <ClCompile Include="texture_loader.cpp">
      <Filter>Source Files\Core</Filter>
    </ClCompile>
  </ItemGroup>
  <ItemGroup>
    <None Include="heightmap.save">
      <Filter>Assets\Heightmaps</Filter>
    </None>
    <None Include="terrain.fs">
      <Filter>Assets\Shaders</Filter>
    </None>
    <None Include="terrain.vs">
      <Filter>Assets\Shaders</Filter>
    </None>
  </ItemGroup>
  <ItemGroup>
    <Image Include="..\..\..\..\OneDrive\Desktop\Terrain - 3 Volcano Height maps  Models - Standard\v03\heightmap_v03.tif">
      <Filter>Assets\Heightmaps</Filter>
    </Image>
    <Image Include="..\..\..\..\OneDrive\Desktop\Terrain - 3 Volcano Height maps  Models - Standard\v03\normalmap_v03.PNG">
      <Filter>Assets\Normalmaps</Filter>
    </Image>
    <Image Include="..\..\..\..\OneDrive\Desktop\Terrain - 3 Volcano Height maps  Models - Standard\v03\colormap_v03.png">
      <Filter>Assets\Textures</Filter>
    </Image>
    <Image Include="..\..\..\..\OneDrive\Desktop\Terrain - 3 Volcano Height maps  Models - Standard\v03\heightmap_lowres_v03.obj">
      <Filter>Assets\Models</Filter>
    </Image>
  </ItemGroup>
</Project>